{
  "requires": true,
  "lockfileVersion": 1,
  "dependencies": {
    "bulma": {
      "version": "0.7.2",
      "resolved": "https://registry.npmjs.org/bulma/-/bulma-0.7.2.tgz",
      "integrity": "sha512-6JHEu8U/1xsyOst/El5ImLcZIiE2JFXgvrz8GGWbnDLwTNRPJzdAM0aoUM1Ns0avALcVb6KZz9NhzmU53dGDcQ=="
    },
    "typed.js": {
      "version": "2.0.9",
      "resolved": "https://registry.npmjs.org/typed.js/-/typed.js-2.0.9.tgz",
      "integrity": "sha512-RTv7MvbsJ0ajz3PW/o325kXo0+gZAGW9xoZQ9eXrdvTg9prvH5JgAVeAITYuh7OoGStl1yuJgcR07IO10l3Q3g=="
    }
  }
}
